
Microsoft Visual Studio Solution File, Format Version 12.00
# Visual Studio Version 17
VisualStudioVersion = 17.8.34322.80
MinimumVisualStudioVersion = 10.0.40219.1
Project("{FAE04EC0-301F-11D3-BF4B-00C04F79EFBC}") = "TaskAPI", "TaskAPI\TaskAPI.csproj", "{AB3D691E-AC3A-4C2E-85E4-44EDD9879124}"
EndProject
Global
	GlobalSection(SolutionConfigurationPlatforms) = preSolution
		Debug|Any CPU = Debug|Any CPU
		Release|Any CPU = Release|Any CPU
	EndGlobalSection
	GlobalSection(ProjectConfigurationPlatforms) = postSolution
		{AB3D691E-AC3A-4C2E-85E4-44EDD9879124}.Debug|Any CPU.ActiveCfg = Debug|Any CPU
		{AB3D691E-AC3A-4C2E-85E4-44EDD9879124}.Debug|Any CPU.Build.0 = Debug|Any CPU
		{AB3D691E-AC3A-4C2E-85E4-44EDD9879124}.Release|Any CPU.ActiveCfg = Release|Any CPU
		{AB3D691E-AC3A-4C2E-85E4-44EDD9879124}.Release|Any CPU.Build.0 = Release|Any CPU
	EndGlobalSection
	GlobalSection(SolutionProperties) = preSolution
		HideSolutionNode = FALSE
	EndGlobalSection
	GlobalSection(ExtensibilityGlobals) = postSolution
		SolutionGuid = {A25FE07D-C8FD-42CF-8BEC-92884EDD08A7}
	EndGlobalSection
EndGlobal
